
Microsoft Visual Studio Solution File, Format Version 12.00
# Visual Studio 15
VisualStudioVersion = 15.0.28010.2019
MinimumVisualStudioVersion = 10.0.40219.1
Project("{FAE04EC0-301F-11D3-BF4B-00C04F79EFBC}") = "MusicApplication.Android", "MusicApplication\MusicApplication.Android\MusicApplication.Android.csproj", "{97FEB9BD-6865-4077-B31F-9613F778315A}"
EndProject
Project("{FAE04EC0-301F-11D3-BF4B-00C04F79EFBC}") = "MusicApplication.iOS", "MusicApplication\MusicApplication.iOS\MusicApplication.iOS.csproj", "{A62B29D6-0ED8-4936-95DB-11E25C04CF55}"
EndProject
Project("{FAE04EC0-301F-11D3-BF4B-00C04F79EFBC}") = "MusicApplication", "MusicApplication\MusicApplication\MusicApplication.csproj", "{FE30D085-87D9-4D16-96B2-1584B0065370}"
EndProject
Global
	GlobalSection(SolutionConfigurationPlatforms) = preSolution
		Ad-Hoc|Any CPU = Ad-Hoc|Any CPU
		Ad-Hoc|iPhone = Ad-Hoc|iPhone
		Ad-Hoc|iPhoneSimulator = Ad-Hoc|iPhoneSimulator
		AppStore|Any CPU = AppStore|Any CPU
		AppStore|iPhone = AppStore|iPhone
		AppStore|iPhoneSimulator = AppStore|iPhoneSimulator
		Debug|Any CPU = Debug|Any CPU
		Debug|iPhone = Debug|iPhone
		Debug|iPhoneSimulator = Debug|iPhoneSimulator
		Release|Any CPU = Release|Any CPU
		Release|iPhone = Release|iPhone
		Release|iPhoneSimulator = Release|iPhoneSimulator
	EndGlobalSection
	GlobalSection(ProjectConfigurationPlatforms) = postSolution
		{97FEB9BD-6865-4077-B31F-9613F778315A}.Ad-Hoc|Any CPU.ActiveCfg = Release|Any CPU
		{97FEB9BD-6865-4077-B31F-9613F778315A}.Ad-Hoc|Any CPU.Build.0 = Release|Any CPU
		{97FEB9BD-6865-4077-B31F-9613F778315A}.Ad-Hoc|Any CPU.Deploy.0 = Release|Any CPU
		{97FEB9BD-6865-4077-B31F-9613F778315A}.Ad-Hoc|iPhone.ActiveCfg = Release|Any CPU
		{97FEB9BD-6865-4077-B31F-9613F778315A}.Ad-Hoc|iPhone.Build.0 = Release|Any CPU
		{97FEB9BD-6865-4077-B31F-9613F778315A}.Ad-Hoc|iPhone.Deploy.0 = Release|Any CPU
		{97FEB9BD-6865-4077-B31F-9613F778315A}.Ad-Hoc|iPhoneSimulator.ActiveCfg = Release|Any CPU
		{97FEB9BD-6865-4077-B31F-9613F778315A}.Ad-Hoc|iPhoneSimulator.Build.0 = Release|Any CPU
		{97FEB9BD-6865-4077-B31F-9613F778315A}.Ad-Hoc|iPhoneSimulator.Deploy.0 = Release|Any CPU
		{97FEB9BD-6865-4077-B31F-9613F778315A}.AppStore|Any CPU.ActiveCfg = Release|Any CPU
		{97FEB9BD-6865-4077-B31F-9613F778315A}.AppStore|Any CPU.Build.0 = Release|Any CPU
		{97FEB9BD-6865-4077-B31F-9613F778315A}.AppStore|Any CPU.Deploy.0 = Release|Any CPU
		{97FEB9BD-6865-4077-B31F-9613F778315A}.AppStore|iPhone.ActiveCfg = Release|Any CPU
		{97FEB9BD-6865-4077-B31F-9613F778315A}.AppStore|iPhone.Build.0 = Release|Any CPU
		{97FEB9BD-6865-4077-B31F-9613F778315A}.AppStore|iPhone.Deploy.0 = Release|Any CPU
		{97FEB9BD-6865-4077-B31F-9613F778315A}.AppStore|iPhoneSimulator.ActiveCfg = Release|Any CPU
		{97FEB9BD-6865-4077-B31F-9613F778315A}.AppStore|iPhoneSimulator.Build.0 = Release|Any CPU
		{97FEB9BD-6865-4077-B31F-9613F778315A}.AppStore|iPhoneSimulator.Deploy.0 = Release|Any CPU
		{97FEB9BD-6865-4077-B31F-9613F778315A}.Debug|Any CPU.ActiveCfg = Debug|Any CPU
		{97FEB9BD-6865-4077-B31F-9613F778315A}.Debug|Any CPU.Build.0 = Debug|Any CPU
		{97FEB9BD-6865-4077-B31F-9613F778315A}.Debug|Any CPU.Deploy.0 = Debug|Any CPU
		{97FEB9BD-6865-4077-B31F-9613F778315A}.Debug|iPhone.ActiveCfg = Debug|Any CPU
		{97FEB9BD-6865-4077-B31F-9613F778315A}.Debug|iPhone.Build.0 = Debug|Any CPU
		{97FEB9BD-6865-4077-B31F-9613F778315A}.Debug|iPhone.Deploy.0 = Debug|Any CPU
		{97FEB9BD-6865-4077-B31F-9613F778315A}.Debug|iPhoneSimulator.ActiveCfg = Debug|Any CPU
		{97FEB9BD-6865-4077-B31F-9613F778315A}.Debug|iPhoneSimulator.Build.0 = Debug|Any CPU
		{97FEB9BD-6865-4077-B31F-9613F778315A}.Debug|iPhoneSimulator.Deploy.0 = Debug|Any CPU
		{97FEB9BD-6865-4077-B31F-9613F778315A}.Release|Any CPU.ActiveCfg = Release|Any CPU
		{97FEB9BD-6865-4077-B31F-9613F778315A}.Release|Any CPU.Build.0 = Release|Any CPU
		{97FEB9BD-6865-4077-B31F-9613F778315A}.Release|Any CPU.Deploy.0 = Release|Any CPU
		{97FEB9BD-6865-4077-B31F-9613F778315A}.Release|iPhone.ActiveCfg = Release|Any CPU
		{97FEB9BD-6865-4077-B31F-9613F778315A}.Release|iPhone.Build.0 = Release|Any CPU
		{97FEB9BD-6865-4077-B31F-9613F778315A}.Release|iPhone.Deploy.0 = Release|Any CPU
		{97FEB9BD-6865-4077-B31F-9613F778315A}.Release|iPhoneSimulator.ActiveCfg = Release|Any CPU
		{97FEB9BD-6865-4077-B31F-9613F778315A}.Release|iPhoneSimulator.Build.0 = Release|Any CPU
		{97FEB9BD-6865-4077-B31F-9613F778315A}.Release|iPhoneSimulator.Deploy.0 = Release|Any CPU
		{A62B29D6-0ED8-4936-95DB-11E25C04CF55}.Ad-Hoc|Any CPU.ActiveCfg = Ad-Hoc|iPhone
		{A62B29D6-0ED8-4936-95DB-11E25C04CF55}.Ad-Hoc|Any CPU.Build.0 = Ad-Hoc|iPhone
		{A62B29D6-0ED8-4936-95DB-11E25C04CF55}.Ad-Hoc|Any CPU.Deploy.0 = Ad-Hoc|iPhone
		{A62B29D6-0ED8-4936-95DB-11E25C04CF55}.Ad-Hoc|iPhone.ActiveCfg = Ad-Hoc|iPhone
		{A62B29D6-0ED8-4936-95DB-11E25C04CF55}.Ad-Hoc|iPhone.Build.0 = Ad-Hoc|iPhone
		{A62B29D6-0ED8-4936-95DB-11E25C04CF55}.Ad-Hoc|iPhone.Deploy.0 = Ad-Hoc|iPhone
		{A62B29D6-0ED8-4936-95DB-11E25C04CF55}.Ad-Hoc|iPhoneSimulator.ActiveCfg = Ad-Hoc|iPhoneSimulator
		{A62B29D6-0ED8-4936-95DB-11E25C04CF55}.Ad-Hoc|iPhoneSimulator.Build.0 = Ad-Hoc|iPhoneSimulator
		{A62B29D6-0ED8-4936-95DB-11E25C04CF55}.Ad-Hoc|iPhoneSimulator.Deploy.0 = Ad-Hoc|iPhoneSimulator
		{A62B29D6-0ED8-4936-95DB-11E25C04CF55}.AppStore|Any CPU.ActiveCfg = AppStore|iPhone
		{A62B29D6-0ED8-4936-95DB-11E25C04CF55}.AppStore|Any CPU.Build.0 = AppStore|iPhone
		{A62B29D6-0ED8-4936-95DB-11E25C04CF55}.AppStore|Any CPU.Deploy.0 = AppStore|iPhone
		{A62B29D6-0ED8-4936-95DB-11E25C04CF55}.AppStore|iPhone.ActiveCfg = AppStore|iPhone
		{A62B29D6-0ED8-4936-95DB-11E25C04CF55}.AppStore|iPhone.Build.0 = AppStore|iPhone
		{A62B29D6-0ED8-4936-95DB-11E25C04CF55}.AppStore|iPhone.Deploy.0 = AppStore|iPhone
		{A62B29D6-0ED8-4936-95DB-11E25C04CF55}.AppStore|iPhoneSimulator.ActiveCfg = AppStore|iPhoneSimulator
		{A62B29D6-0ED8-4936-95DB-11E25C04CF55}.AppStore|iPhoneSimulator.Build.0 = AppStore|iPhoneSimulator
		{A62B29D6-0ED8-4936-95DB-11E25C04CF55}.AppStore|iPhoneSimulator.Deploy.0 = AppStore|iPhoneSimulator
		{A62B29D6-0ED8-4936-95DB-11E25C04CF55}.Debug|Any CPU.ActiveCfg = Debug|iPhoneSimulator
		{A62B29D6-0ED8-4936-95DB-11E25C04CF55}.Debug|Any CPU.Build.0 = Debug|iPhoneSimulator
		{A62B29D6-0ED8-4936-95DB-11E25C04CF55}.Debug|Any CPU.Deploy.0 = Debug|iPhoneSimulator
		{A62B29D6-0ED8-4936-95DB-11E25C04CF55}.Debug|iPhone.ActiveCfg = Debug|iPhone
		{A62B29D6-0ED8-4936-95DB-11E25C04CF55}.Debug|iPhone.Build.0 = Debug|iPhone
		{A62B29D6-0ED8-4936-95DB-11E25C04CF55}.Debug|iPhone.Deploy.0 = Debug|iPhone
		{A62B29D6-0ED8-4936-95DB-11E25C04CF55}.Debug|iPhoneSimulator.ActiveCfg = Debug|iPhoneSimulator
		{A62B29D6-0ED8-4936-95DB-11E25C04CF55}.Debug|iPhoneSimulator.Build.0 = Debug|iPhoneSimulator
		{A62B29D6-0ED8-4936-95DB-11E25C04CF55}.Debug|iPhoneSimulator.Deploy.0 = Debug|iPhoneSimulator
		{A62B29D6-0ED8-4936-95DB-11E25C04CF55}.Release|Any CPU.ActiveCfg = Release|iPhone
		{A62B29D6-0ED8-4936-95DB-11E25C04CF55}.Release|Any CPU.Build.0 = Release|iPhone
		{A62B29D6-0ED8-4936-95DB-11E25C04CF55}.Release|Any CPU.Deploy.0 = Release|iPhone
		{A62B29D6-0ED8-4936-95DB-11E25C04CF55}.Release|iPhone.ActiveCfg = Release|iPhone
		{A62B29D6-0ED8-4936-95DB-11E25C04CF55}.Release|iPhone.Build.0 = Release|iPhone
		{A62B29D6-0ED8-4936-95DB-11E25C04CF55}.Release|iPhone.Deploy.0 = Release|iPhone
		{A62B29D6-0ED8-4936-95DB-11E25C04CF55}.Release|iPhoneSimulator.ActiveCfg = Release|iPhoneSimulator
		{A62B29D6-0ED8-4936-95DB-11E25C04CF55}.Release|iPhoneSimulator.Build.0 = Release|iPhoneSimulator
		{A62B29D6-0ED8-4936-95DB-11E25C04CF55}.Release|iPhoneSimulator.Deploy.0 = Release|iPhoneSimulator
		{FE30D085-87D9-4D16-96B2-1584B0065370}.Ad-Hoc|Any CPU.ActiveCfg = Debug|Any CPU
		{FE30D085-87D9-4D16-96B2-1584B0065370}.Ad-Hoc|Any CPU.Build.0 = Debug|Any CPU
		{FE30D085-87D9-4D16-96B2-1584B0065370}.Ad-Hoc|Any CPU.Deploy.0 = Debug|Any CPU
		{FE30D085-87D9-4D16-96B2-1584B0065370}.Ad-Hoc|iPhone.ActiveCfg = Debug|Any CPU
		{FE30D085-87D9-4D16-96B2-1584B0065370}.Ad-Hoc|iPhone.Build.0 = Debug|Any CPU
		{FE30D085-87D9-4D16-96B2-1584B0065370}.Ad-Hoc|iPhone.Deploy.0 = Debug|Any CPU
		{FE30D085-87D9-4D16-96B2-1584B0065370}.Ad-Hoc|iPhoneSimulator.ActiveCfg = Debug|Any CPU
		{FE30D085-87D9-4D16-96B2-1584B0065370}.Ad-Hoc|iPhoneSimulator.Build.0 = Debug|Any CPU
		{FE30D085-87D9-4D16-96B2-1584B0065370}.Ad-Hoc|iPhoneSimulator.Deploy.0 = Debug|Any CPU
		{FE30D085-87D9-4D16-96B2-1584B0065370}.AppStore|Any CPU.ActiveCfg = Debug|Any CPU
		{FE30D085-87D9-4D16-96B2-1584B0065370}.AppStore|Any CPU.Build.0 = Debug|Any CPU
		{FE30D085-87D9-4D16-96B2-1584B0065370}.AppStore|Any CPU.Deploy.0 = Debug|Any CPU
		{FE30D085-87D9-4D16-96B2-1584B0065370}.AppStore|iPhone.ActiveCfg = Debug|Any CPU
		{FE30D085-87D9-4D16-96B2-1584B0065370}.AppStore|iPhone.Build.0 = Debug|Any CPU
		{FE30D085-87D9-4D16-96B2-1584B0065370}.AppStore|iPhone.Deploy.0 = Debug|Any CPU
		{FE30D085-87D9-4D16-96B2-1584B0065370}.AppStore|iPhoneSimulator.ActiveCfg = Debug|Any CPU
		{FE30D085-87D9-4D16-96B2-1584B0065370}.AppStore|iPhoneSimulator.Build.0 = Debug|Any CPU
		{FE30D085-87D9-4D16-96B2-1584B0065370}.AppStore|iPhoneSimulator.Deploy.0 = Debug|Any CPU
		{FE30D085-87D9-4D16-96B2-1584B0065370}.Debug|Any CPU.ActiveCfg = Debug|Any CPU
		{FE30D085-87D9-4D16-96B2-1584B0065370}.Debug|Any CPU.Build.0 = Debug|Any CPU
		{FE30D085-87D9-4D16-96B2-1584B0065370}.Debug|Any CPU.Deploy.0 = Debug|Any CPU
		{FE30D085-87D9-4D16-96B2-1584B0065370}.Debug|iPhone.ActiveCfg = Debug|Any CPU
		{FE30D085-87D9-4D16-96B2-1584B0065370}.Debug|iPhone.Build.0 = Debug|Any CPU
		{FE30D085-87D9-4D16-96B2-1584B0065370}.Debug|iPhone.Deploy.0 = Debug|Any CPU
		{FE30D085-87D9-4D16-96B2-1584B0065370}.Debug|iPhoneSimulator.ActiveCfg = Debug|Any CPU
		{FE30D085-87D9-4D16-96B2-1584B0065370}.Debug|iPhoneSimulator.Build.0 = Debug|Any CPU
		{FE30D085-87D9-4D16-96B2-1584B0065370}.Debug|iPhoneSimulator.Deploy.0 = Debug|Any CPU
		{FE30D085-87D9-4D16-96B2-1584B0065370}.Release|Any CPU.ActiveCfg = Release|Any CPU
		{FE30D085-87D9-4D16-96B2-1584B0065370}.Release|Any CPU.Build.0 = Release|Any CPU
		{FE30D085-87D9-4D16-96B2-1584B0065370}.Release|Any CPU.Deploy.0 = Release|Any CPU
		{FE30D085-87D9-4D16-96B2-1584B0065370}.Release|iPhone.ActiveCfg = Release|Any CPU
		{FE30D085-87D9-4D16-96B2-1584B0065370}.Release|iPhone.Build.0 = Release|Any CPU
		{FE30D085-87D9-4D16-96B2-1584B0065370}.Release|iPhone.Deploy.0 = Release|Any CPU
		{FE30D085-87D9-4D16-96B2-1584B0065370}.Release|iPhoneSimulator.ActiveCfg = Release|Any CPU
		{FE30D085-87D9-4D16-96B2-1584B0065370}.Release|iPhoneSimulator.Build.0 = Release|Any CPU
		{FE30D085-87D9-4D16-96B2-1584B0065370}.Release|iPhoneSimulator.Deploy.0 = Release|Any CPU
	EndGlobalSection
	GlobalSection(SolutionProperties) = preSolution
		HideSolutionNode = FALSE
	EndGlobalSection
	GlobalSection(ExtensibilityGlobals) = postSolution
		SolutionGuid = {D95545EB-42CD-4BA4-BBF9-13B9DCE8E725}
	EndGlobalSection
EndGlobal
